
Microsoft Visual Studio Solution File, Format Version 12.00
# Visual Studio Version 16
VisualStudioVersion = 16.0.31105.61
MinimumVisualStudioVersion = 10.0.40219.1
Project("{FAE04EC0-301F-11D3-BF4B-00C04F79EFBC}") = "SeleniumSpecflowSample", "SeleniumSpecflowSample\SeleniumSpecflowSample.csproj", "{4D3CC4A4-C9BA-42AE-824D-02B42D76109B}"
EndProject
Global
	GlobalSection(SolutionConfigurationPlatforms) = preSolution
		Debug|Any CPU = Debug|Any CPU
		Release|Any CPU = Release|Any CPU
	EndGlobalSection
	GlobalSection(ProjectConfigurationPlatforms) = postSolution
		{4D3CC4A4-C9BA-42AE-824D-02B42D76109B}.Debug|Any CPU.ActiveCfg = Debug|Any CPU
		{4D3CC4A4-C9BA-42AE-824D-02B42D76109B}.Debug|Any CPU.Build.0 = Debug|Any CPU
		{4D3CC4A4-C9BA-42AE-824D-02B42D76109B}.Release|Any CPU.ActiveCfg = Release|Any CPU
		{4D3CC4A4-C9BA-42AE-824D-02B42D76109B}.Release|Any CPU.Build.0 = Release|Any CPU
	EndGlobalSection
	GlobalSection(SolutionProperties) = preSolution
		HideSolutionNode = FALSE
	EndGlobalSection
	GlobalSection(ExtensibilityGlobals) = postSolution
		SolutionGuid = {0C998878-A68A-44C6-80B4-0A6809C93CF9}
	EndGlobalSection
EndGlobal
